
Microsoft Visual Studio Solution File, Format Version 12.00
# Visual Studio Version 16
VisualStudioVersion = 16.0.29306.81
MinimumVisualStudioVersion = 10.0.40219.1
Project("{FAE04EC0-301F-11D3-BF4B-00C04F79EFBC}") = "IterationsConsoleApp", "IterationsConsoleApp.csproj", "{14D14093-68F1-481B-ACBA-8E10B2F9A339}"
EndProject
Global
	GlobalSection(SolutionConfigurationPlatforms) = preSolution
		Debug|Any CPU = Debug|Any CPU
		Release|Any CPU = Release|Any CPU
	EndGlobalSection
	GlobalSection(ProjectConfigurationPlatforms) = postSolution
		{14D14093-68F1-481B-ACBA-8E10B2F9A339}.Debug|Any CPU.ActiveCfg = Debug|Any CPU
		{14D14093-68F1-481B-ACBA-8E10B2F9A339}.Debug|Any CPU.Build.0 = Debug|Any CPU
		{14D14093-68F1-481B-ACBA-8E10B2F9A339}.Release|Any CPU.ActiveCfg = Release|Any CPU
		{14D14093-68F1-481B-ACBA-8E10B2F9A339}.Release|Any CPU.Build.0 = Release|Any CPU
	EndGlobalSection
	GlobalSection(SolutionProperties) = preSolution
		HideSolutionNode = FALSE
	EndGlobalSection
	GlobalSection(ExtensibilityGlobals) = postSolution
		SolutionGuid = {FA3973B8-B8DA-49A8-9D38-96F1A2EE58A8}
	EndGlobalSection
EndGlobal
